// !$*UTF8*$!
{
	archiveVersion = 1;
	classes = {
	};
	objectVersion = 50;
	objects = {

/* Begin PBXBuildFile section */
		326BCD9F268F242700CB22B4 /* InstagramTutorialApp.swift in Sources */ = {isa = PBXBuildFile; fileRef = 326BCD9E268F242700CB22B4 /* InstagramTutorialApp.swift */; };
		326BCDA3268F242800CB22B4 /* Assets.xcassets in Resources */ = {isa = PBXBuildFile; fileRef = 326BCDA2268F242800CB22B4 /* Assets.xcassets */; };
		326BCDA6268F242800CB22B4 /* Preview Assets.xcassets in Resources */ = {isa = PBXBuildFile; fileRef = 326BCDA5268F242800CB22B4 /* Preview Assets.xcassets */; };
		326BCDB4268F256900CB22B4 /* ContentView.swift in Sources */ = {isa = PBXBuildFile; fileRef = 326BCDB3268F256900CB22B4 /* ContentView.swift */; };
/* End PBXBuildFile section */

/* Begin PBXFileReference section */
		326BCD9B268F242700CB22B4 /* InstagramTutorial.app */ = {isa = PBXFileReference; explicitFileType = wrapper.application; includeInIndex = 0; path = InstagramTutorial.app; sourceTree = BUILT_PRODUCTS_DIR; };
		326BCD9E268F242700CB22B4 /* InstagramTutorialApp.swift */ = {isa = PBXFileReference; lastKnownFileType = sourcecode.swift; path = InstagramTutorialApp.swift; sourceTree = "<group>"; };
		326BCDA2268F242800CB22B4 /* Assets.xcassets */ = {isa = PBXFileReference; lastKnownFileType = folder.assetcatalog; path = Assets.xcassets; sourceTree = "<group>"; };
		326BCDA5268F242800CB22B4 /* Preview Assets.xcassets */ = {isa = PBXFileReference; lastKnownFileType = folder.assetcatalog; path = "Preview Assets.xcassets"; sourceTree = "<group>"; };
		326BCDA7268F242800CB22B4 /* Info.plist */ = {isa = PBXFileReference; lastKnownFileType = text.plist.xml; path = Info.plist; sourceTree = "<group>"; };
		326BCDB3268F256900CB22B4 /* ContentView.swift */ = {isa = PBXFileReference; lastKnownFileType = sourcecode.swift; path = ContentView.swift; sourceTree = "<group>"; };
/* End PBXFileReference section */

/* Begin PBXFrameworksBuildPhase section */
		326BCD98268F242700CB22B4 /* Frameworks */ = {
			isa = PBXFrameworksBuildPhase;
			buildActionMask = 2147483647;
			files = (
			);
			runOnlyForDeploymentPostprocessing = 0;
		};
/* End PBXFrameworksBuildPhase section */

/* Begin PBXGroup section */
		326BCD92268F242700CB22B4 = {
			isa = PBXGroup;
			children = (
				326BCD9D268F242700CB22B4 /* InstagramTutorial */,
				326BCD9C268F242700CB22B4 /* Products */,
			);
			sourceTree = "<group>";
		};
		326BCD9C268F242700CB22B4 /* Products */ = {
			isa = PBXGroup;
			children = (
				326BCD9B268F242700CB22B4 /* InstagramTutorial.app */,
			);
			name = Products;
			sourceTree = "<group>";
		};
		326BCD9D268F242700CB22B4 /* InstagramTutorial */ = {
			isa = PBXGroup;
			children = (
				326BCDB1268F250600CB22B4 /* Model */,
				326BCDB0268F250500CB22B4 /* View */,
				326BCDAF268F250200CB22B4 /* ViewModel */,
				326BCDAE268F250100CB22B4 /* API */,
				326BCDAD268F24F400CB22B4 /* Utils */,
				326BCD9E268F242700CB22B4 /* InstagramTutorialApp.swift */,
				326BCDA2268F242800CB22B4 /* Assets.xcassets */,
				326BCDA7268F242800CB22B4 /* Info.plist */,
				326BCDA4268F242800CB22B4 /* Preview Content */,
			);
			path = InstagramTutorial;
			sourceTree = "<group>";
		};
		326BCDA4268F242800CB22B4 /* Preview Content */ = {
			isa = PBXGroup;
			children = (
				326BCDA5268F242800CB22B4 /* Preview Assets.xcassets */,
			);
			path = "Preview Content";
			sourceTree = "<group>";
		};
		326BCDAD268F24F400CB22B4 /* Utils */ = {
			isa = PBXGroup;
			children = (
			);
			path = Utils;
			sourceTree = "<group>";
		};
		326BCDAE268F250100CB22B4 /* API */ = {
			isa = PBXGroup;
			children = (
			);
			path = API;
			sourceTree = "<group>";
		};
		326BCDAF268F250200CB22B4 /* ViewModel */ = {
			isa = PBXGroup;
			children = (
				326BCDC0268F261C00CB22B4 /* Profile */,
				326BCDBF268F260900CB22B4 /* Authentication */,
				326BCDBE268F260000CB22B4 /* Notifications */,
				326BCDBD268F25F800CB22B4 /* Feed */,
			);
			path = ViewModel;
			sourceTree = "<group>";
		};
		326BCDB0268F250500CB22B4 /* View */ = {
			isa = PBXGroup;
			children = (
				326BCDBB268F25B900CB22B4 /* Items */,
				326BCDBA268F25A100CB22B4 /* Authentication */,
				326BCDB9268F259200CB22B4 /* Notifications */,
				326BCDBC268F25C600CB22B4 /* Search */,
				326BCDB8268F258B00CB22B4 /* Comments */,
				326BCDB7268F258700CB22B4 /* Feed */,
				326BCDB6268F258000CB22B4 /* Profile */,
				326BCDB5268F257900CB22B4 /* UploadPost */,
				326BCDB2268F255900CB22B4 /* Main */,
			);
			path = View;
			sourceTree = "<group>";
		};
		326BCDB1268F250600CB22B4 /* Model */ = {
			isa = PBXGroup;
			children = (
			);
			path = Model;
			sourceTree = "<group>";
		};
		326BCDB2268F255900CB22B4 /* Main */ = {
			isa = PBXGroup;
			children = (
				326BCDB3268F256900CB22B4 /* ContentView.swift */,
			);
			path = Main;
			sourceTree = "<group>";
		};
		326BCDB5268F257900CB22B4 /* UploadPost */ = {
			isa = PBXGroup;
			children = (
			);
			path = UploadPost;
			sourceTree = "<group>";
		};
		326BCDB6268F258000CB22B4 /* Profile */ = {
			isa = PBXGroup;
			children = (
			);
			path = Profile;
			sourceTree = "<group>";
		};
		326BCDB7268F258700CB22B4 /* Feed */ = {
			isa = PBXGroup;
			children = (
			);
			path = Feed;
			sourceTree = "<group>";
		};
		326BCDB8268F258B00CB22B4 /* Comments */ = {
			isa = PBXGroup;
			children = (
			);
			path = Comments;
			sourceTree = "<group>";
		};
		326BCDB9268F259200CB22B4 /* Notifications */ = {
			isa = PBXGroup;
			children = (
			);
			path = Notifications;
			sourceTree = "<group>";
		};
		326BCDBA268F25A100CB22B4 /* Authentication */ = {
			isa = PBXGroup;
			children = (
			);
			path = Authentication;
			sourceTree = "<group>";
		};
		326BCDBB268F25B900CB22B4 /* Items */ = {
			isa = PBXGroup;
			children = (
			);
			path = Items;
			sourceTree = "<group>";
		};
		326BCDBC268F25C600CB22B4 /* Search */ = {
			isa = PBXGroup;
			children = (
			);
			path = Search;
			sourceTree = "<group>";
		};
		326BCDBD268F25F800CB22B4 /* Feed */ = {
			isa = PBXGroup;
			children = (
			);
			path = Feed;
			sourceTree = "<group>";
		};
		326BCDBE268F260000CB22B4 /* Notifications */ = {
			isa = PBXGroup;
			children = (
			);
			path = Notifications;
			sourceTree = "<group>";
		};
		326BCDBF268F260900CB22B4 /* Authentication */ = {
			isa = PBXGroup;
			children = (
			);
			path = Authentication;
			sourceTree = "<group>";
		};
		326BCDC0268F261C00CB22B4 /* Profile */ = {
			isa = PBXGroup;
			children = (
			);
			path = Profile;
			sourceTree = "<group>";
		};
/* End PBXGroup section */

/* Begin PBXNativeTarget section */
		326BCD9A268F242700CB22B4 /* InstagramTutorial */ = {
			isa = PBXNativeTarget;
			buildConfigurationList = 326BCDAA268F242800CB22B4 /* Build configuration list for PBXNativeTarget "InstagramTutorial" */;
			buildPhases = (
				326BCD97268F242700CB22B4 /* Sources */,
				326BCD98268F242700CB22B4 /* Frameworks */,
				326BCD99268F242700CB22B4 /* Resources */,
			);
			buildRules = (
			);
			dependencies = (
			);
			name = InstagramTutorial;
			productName = InstagramTutorial;
			productReference = 326BCD9B268F242700CB22B4 /* InstagramTutorial.app */;
			productType = "com.apple.product-type.application";
		};
/* End PBXNativeTarget section */

/* Begin PBXProject section */
		326BCD93268F242700CB22B4 /* Project object */ = {
			isa = PBXProject;
			attributes = {
				LastSwiftUpdateCheck = 1250;
				LastUpgradeCheck = 1250;
				TargetAttributes = {
					326BCD9A268F242700CB22B4 = {
						CreatedOnToolsVersion = 12.5;
					};
				};
			};
			buildConfigurationList = 326BCD96268F242700CB22B4 /* Build configuration list for PBXProject "InstagramTutorial" */;
			compatibilityVersion = "Xcode 9.3";
			developmentRegion = en;
			hasScannedForEncodings = 0;
			knownRegions = (
				en,
				Base,
			);
			mainGroup = 326BCD92268F242700CB22B4;
			productRefGroup = 326BCD9C268F242700CB22B4 /* Products */;
			projectDirPath = "";
			projectRoot = "";
			targets = (
				326BCD9A268F242700CB22B4 /* InstagramTutorial */,
			);
		};
/* End PBXProject section */

/* Begin PBXResourcesBuildPhase section */
		326BCD99268F242700CB22B4 /* Resources */ = {
			isa = PBXResourcesBuildPhase;
			buildActionMask = 2147483647;
			files = (
				326BCDA6268F242800CB22B4 /* Preview Assets.xcassets in Resources */,
				326BCDA3268F242800CB22B4 /* Assets.xcassets in Resources */,
			);
			runOnlyForDeploymentPostprocessing = 0;
		};
/* End PBXResourcesBuildPhase section */

/* Begin PBXSourcesBuildPhase section */
		326BCD97268F242700CB22B4 /* Sources */ = {
			isa = PBXSourcesBuildPhase;
			buildActionMask = 2147483647;
			files = (
				326BCDB4268F256900CB22B4 /* ContentView.swift in Sources */,
				326BCD9F268F242700CB22B4 /* InstagramTutorialApp.swift in Sources */,
			);
			runOnlyForDeploymentPostprocessing = 0;
		};
/* End PBXSourcesBuildPhase section */

/* Begin XCBuildConfiguration section */
		326BCDA8268F242800CB22B4 /* Debug */ = {
			isa = XCBuildConfiguration;
			buildSettings = {
				ALWAYS_SEARCH_USER_PATHS = NO;
				CLANG_ANALYZER_NONNULL = YES;
				CLANG_ANALYZER_NUMBER_OBJECT_CONVERSION = YES_AGGRESSIVE;
				CLANG_CXX_LANGUAGE_STANDARD = "gnu++14";
				CLANG_CXX_LIBRARY = "libc++";
				CLANG_ENABLE_MODULES = YES;
				CLANG_ENABLE_OBJC_ARC = YES;
				CLANG_ENABLE_OBJC_WEAK = YES;
				CLANG_WARN_BLOCK_CAPTURE_AUTORELEASING = YES;
				CLANG_WARN_BOOL_CONVERSION = YES;
				CLANG_WARN_COMMA = YES;
				CLANG_WARN_CONSTANT_CONVERSION = YES;
				CLANG_WARN_DEPRECATED_OBJC_IMPLEMENTATIONS = YES;
				CLANG_WARN_DIRECT_OBJC_ISA_USAGE = YES_ERROR;
				CLANG_WARN_DOCUMENTATION_COMMENTS = YES;
				CLANG_WARN_EMPTY_BODY = YES;
				CLANG_WARN_ENUM_CONVERSION = YES;
				CLANG_WARN_INFINITE_RECURSION = YES;
				CLANG_WARN_INT_CONVERSION = YES;
				CLANG_WARN_NON_LITERAL_NULL_CONVERSION = YES;
				CLANG_WARN_OBJC_IMPLICIT_RETAIN_SELF = YES;
				CLANG_WARN_OBJC_LITERAL_CONVERSION = YES;
				CLANG_WARN_OBJC_ROOT_CLASS = YES_ERROR;
				CLANG_WARN_QUOTED_INCLUDE_IN_FRAMEWORK_HEADER = YES;
				CLANG_WARN_RANGE_LOOP_ANALYSIS = YES;
				CLANG_WARN_STRICT_PROTOTYPES = YES;
				CLANG_WARN_SUSPICIOUS_MOVE = YES;
				CLANG_WARN_UNGUARDED_AVAILABILITY = YES_AGGRESSIVE;
				CLANG_WARN_UNREACHABLE_CODE = YES;
				CLANG_WARN__DUPLICATE_METHOD_MATCH = YES;
				COPY_PHASE_STRIP = NO;
				DEBUG_INFORMATION_FORMAT = dwarf;
				ENABLE_STRICT_OBJC_MSGSEND = YES;
				ENABLE_TESTABILITY = YES;
				GCC_C_LANGUAGE_STANDARD = gnu11;
				GCC_DYNAMIC_NO_PIC = NO;
				GCC_NO_COMMON_BLOCKS = YES;
				GCC_OPTIMIZATION_LEVEL = 0;
				GCC_PREPROCESSOR_DEFINITIONS = (
					"DEBUG=1",
					"$(inherited)",
				);
				GCC_WARN_64_TO_32_BIT_CONVERSION = YES;
				GCC_WARN_ABOUT_RETURN_TYPE = YES_ERROR;
				GCC_WARN_UNDECLARED_SELECTOR = YES;
				GCC_WARN_UNINITIALIZED_AUTOS = YES_AGGRESSIVE;
				GCC_WARN_UNUSED_FUNCTION = YES;
				GCC_WARN_UNUSED_VARIABLE = YES;
				IPHONEOS_DEPLOYMENT_TARGET = 14.5;
				MTL_ENABLE_DEBUG_INFO = INCLUDE_SOURCE;
				MTL_FAST_MATH = YES;
				ONLY_ACTIVE_ARCH = YES;
				SDKROOT = iphoneos;
				SWIFT_ACTIVE_COMPILATION_CONDITIONS = DEBUG;
				SWIFT_OPTIMIZATION_LEVEL = "-Onone";
			};
			name = Debug;
		};
		326BCDA9268F242800CB22B4 /* Release */ = {
			isa = XCBuildConfiguration;
			buildSettings = {
				ALWAYS_SEARCH_USER_PATHS = NO;
				CLANG_ANALYZER_NONNULL = YES;
				CLANG_ANALYZER_NUMBER_OBJECT_CONVERSION = YES_AGGRESSIVE;
				CLANG_CXX_LANGUAGE_STANDARD = "gnu++14";
				CLANG_CXX_LIBRARY = "libc++";
				CLANG_ENABLE_MODULES = YES;
				CLANG_ENABLE_OBJC_ARC = YES;
				CLANG_ENABLE_OBJC_WEAK = YES;
				CLANG_WARN_BLOCK_CAPTURE_AUTORELEASING = YES;
				CLANG_WARN_BOOL_CONVERSION = YES;
				CLANG_WARN_COMMA = YES;
				CLANG_WARN_CONSTANT_CONVERSION = YES;
				CLANG_WARN_DEPRECATED_OBJC_IMPLEMENTATIONS = YES;
				CLANG_WARN_DIRECT_OBJC_ISA_USAGE = YES_ERROR;
				CLANG_WARN_DOCUMENTATION_COMMENTS = YES;
				CLANG_WARN_EMPTY_BODY = YES;
				CLANG_WARN_ENUM_CONVERSION = YES;
				CLANG_WARN_INFINITE_RECURSION = YES;
				CLANG_WARN_INT_CONVERSION = YES;
				CLANG_WARN_NON_LITERAL_NULL_CONVERSION = YES;
				CLANG_WARN_OBJC_IMPLICIT_RETAIN_SELF = YES;
				CLANG_WARN_OBJC_LITERAL_CONVERSION = YES;
				CLANG_WARN_OBJC_ROOT_CLASS = YES_ERROR;
				CLANG_WARN_QUOTED_INCLUDE_IN_FRAMEWORK_HEADER = YES;
				CLANG_WARN_RANGE_LOOP_ANALYSIS = YES;
				CLANG_WARN_STRICT_PROTOTYPES = YES;
				CLANG_WARN_SUSPICIOUS_MOVE = YES;
				CLANG_WARN_UNGUARDED_AVAILABILITY = YES_AGGRESSIVE;
				CLANG_WARN_UNREACHABLE_CODE = YES;
				CLANG_WARN__DUPLICATE_METHOD_MATCH = YES;
				COPY_PHASE_STRIP = NO;
				DEBUG_INFORMATION_FORMAT = "dwarf-with-dsym";
				ENABLE_NS_ASSERTIONS = NO;
				ENABLE_STRICT_OBJC_MSGSEND = YES;
				GCC_C_LANGUAGE_STANDARD = gnu11;
				GCC_NO_COMMON_BLOCKS = YES;
				GCC_WARN_64_TO_32_BIT_CONVERSION = YES;
				GCC_WARN_ABOUT_RETURN_TYPE = YES_ERROR;
				GCC_WARN_UNDECLARED_SELECTOR = YES;
				GCC_WARN_UNINITIALIZED_AUTOS = YES_AGGRESSIVE;
				GCC_WARN_UNUSED_FUNCTION = YES;
				GCC_WARN_UNUSED_VARIABLE = YES;
				IPHONEOS_DEPLOYMENT_TARGET = 14.5;
				MTL_ENABLE_DEBUG_INFO = NO;
				MTL_FAST_MATH = YES;
				SDKROOT = iphoneos;
				SWIFT_COMPILATION_MODE = wholemodule;
				SWIFT_OPTIMIZATION_LEVEL = "-O";
				VALIDATE_PRODUCT = YES;
			};
			name = Release;
		};
		326BCDAB268F242800CB22B4 /* Debug */ = {
			isa = XCBuildConfiguration;
			buildSettings = {
				ASSETCATALOG_COMPILER_APPICON_NAME = AppIcon;
				ASSETCATALOG_COMPILER_GLOBAL_ACCENT_COLOR_NAME = AccentColor;
				CODE_SIGN_STYLE = Automatic;
				DEVELOPMENT_ASSET_PATHS = "\"InstagramTutorial/Preview Content\"";
				DEVELOPMENT_TEAM = 4NPNDCYSXN;
				ENABLE_PREVIEWS = YES;
				INFOPLIST_FILE = InstagramTutorial/Info.plist;
				IPHONEOS_DEPLOYMENT_TARGET = 14.0;
				LD_RUNPATH_SEARCH_PATHS = (
					"$(inherited)",
					"@executable_path/Frameworks",
				);
				PRODUCT_BUNDLE_IDENTIFIER = jejememe.InstagramTutorial;
				PRODUCT_NAME = "$(TARGET_NAME)";
				SWIFT_VERSION = 5.0;
				TARGETED_DEVICE_FAMILY = "1,2";
			};
			name = Debug;
		};
		326BCDAC268F242800CB22B4 /* Release */ = {
			isa = XCBuildConfiguration;
			buildSettings = {
				ASSETCATALOG_COMPILER_APPICON_NAME = AppIcon;
				ASSETCATALOG_COMPILER_GLOBAL_ACCENT_COLOR_NAME = AccentColor;
				CODE_SIGN_STYLE = Automatic;
				DEVELOPMENT_ASSET_PATHS = "\"InstagramTutorial/Preview Content\"";
				DEVELOPMENT_TEAM = 4NPNDCYSXN;
				ENABLE_PREVIEWS = YES;
				INFOPLIST_FILE = InstagramTutorial/Info.plist;
				IPHONEOS_DEPLOYMENT_TARGET = 14.0;
				LD_RUNPATH_SEARCH_PATHS = (
					"$(inherited)",
					"@executable_path/Frameworks",
				);
				PRODUCT_BUNDLE_IDENTIFIER = jejememe.InstagramTutorial;
				PRODUCT_NAME = "$(TARGET_NAME)";
				SWIFT_VERSION = 5.0;
				TARGETED_DEVICE_FAMILY = "1,2";
			};
			name = Release;
		};
/* End XCBuildConfiguration section */

/* Begin XCConfigurationList section */
		326BCD96268F242700CB22B4 /* Build configuration list for PBXProject "InstagramTutorial" */ = {
			isa = XCConfigurationList;
			buildConfigurations = (
				326BCDA8268F242800CB22B4 /* Debug */,
				326BCDA9268F242800CB22B4 /* Release */,
			);
			defaultConfigurationIsVisible = 0;
			defaultConfigurationName = Release;
		};
		326BCDAA268F242800CB22B4 /* Build configuration list for PBXNativeTarget "InstagramTutorial" */ = {
			isa = XCConfigurationList;
			buildConfigurations = (
				326BCDAB268F242800CB22B4 /* Debug */,
				326BCDAC268F242800CB22B4 /* Release */,
			);
			defaultConfigurationIsVisible = 0;
			defaultConfigurationName = Release;
		};
/* End XCConfigurationList section */
	};
	rootObject = 326BCD93268F242700CB22B4 /* Project object */;
}
